
Microsoft Visual Studio Solution File, Format Version 12.00
# Visual Studio Version 16
VisualStudioVersion = 16.0.808.6
MinimumVisualStudioVersion = 10.0.40219.1
Project("{FAE04EC0-301F-11D3-BF4B-00C04F79EFBC}") = "RecordsMvcEf", "RecordsMvcEf.csproj", "{366961A1-F677-47CD-A3AA-E1056B12871D}"
EndProject
Global
	GlobalSection(SolutionConfigurationPlatforms) = preSolution
		Debug|Any CPU = Debug|Any CPU
		Release|Any CPU = Release|Any CPU
	EndGlobalSection
	GlobalSection(ProjectConfigurationPlatforms) = postSolution
		{366961A1-F677-47CD-A3AA-E1056B12871D}.Debug|Any CPU.ActiveCfg = Debug|Any CPU
		{366961A1-F677-47CD-A3AA-E1056B12871D}.Debug|Any CPU.Build.0 = Debug|Any CPU
		{366961A1-F677-47CD-A3AA-E1056B12871D}.Release|Any CPU.ActiveCfg = Release|Any CPU
		{366961A1-F677-47CD-A3AA-E1056B12871D}.Release|Any CPU.Build.0 = Release|Any CPU
	EndGlobalSection
	GlobalSection(SolutionProperties) = preSolution
		HideSolutionNode = FALSE
	EndGlobalSection
	GlobalSection(ExtensibilityGlobals) = postSolution
		SolutionGuid = {22384791-B4FA-4D9C-B389-A9A59CE110C0}
	EndGlobalSection
EndGlobal
